
Microsoft Visual Studio Solution File, Format Version 12.00
# Visual Studio Version 17
VisualStudioVersion = 17.6.33815.320
MinimumVisualStudioVersion = 10.0.40219.1
Project("{FAE04EC0-301F-11D3-BF4B-00C04F79EFBC}") = "ConsoleAppPractice", "ConsoleAppPractice.csproj", "{19A706A3-9FE0-4AD5-A74F-A949E5C0ABE5}"
EndProject
Global
	GlobalSection(SolutionConfigurationPlatforms) = preSolution
		Debug|Any CPU = Debug|Any CPU
		Release|Any CPU = Release|Any CPU
	EndGlobalSection
	GlobalSection(ProjectConfigurationPlatforms) = postSolution
		{19A706A3-9FE0-4AD5-A74F-A949E5C0ABE5}.Debug|Any CPU.ActiveCfg = Debug|Any CPU
		{19A706A3-9FE0-4AD5-A74F-A949E5C0ABE5}.Debug|Any CPU.Build.0 = Debug|Any CPU
		{19A706A3-9FE0-4AD5-A74F-A949E5C0ABE5}.Release|Any CPU.ActiveCfg = Release|Any CPU
		{19A706A3-9FE0-4AD5-A74F-A949E5C0ABE5}.Release|Any CPU.Build.0 = Release|Any CPU
	EndGlobalSection
	GlobalSection(SolutionProperties) = preSolution
		HideSolutionNode = FALSE
	EndGlobalSection
	GlobalSection(ExtensibilityGlobals) = postSolution
		SolutionGuid = {347D0436-A84D-4205-B51F-BC38D9E3700B}
	EndGlobalSection
EndGlobal
